
Microsoft Visual Studio Solution File, Format Version 12.00
# Visual Studio Version 17
VisualStudioVersion = 17.12.35521.163 d17.12
MinimumVisualStudioVersion = 10.0.40219.1
Project("{FAE04EC0-301F-11D3-BF4B-00C04F79EFBC}") = "A71", "A71\A71.csproj", "{A6ABAFC2-1333-400A-A7F1-1AF31ADBA8BF}"
EndProject
Global
	GlobalSection(SolutionConfigurationPlatforms) = preSolution
		Debug|Any CPU = Debug|Any CPU
		Release|Any CPU = Release|Any CPU
	EndGlobalSection
	GlobalSection(ProjectConfigurationPlatforms) = postSolution
		{A6ABAFC2-1333-400A-A7F1-1AF31ADBA8BF}.Debug|Any CPU.ActiveCfg = Debug|Any CPU
		{A6ABAFC2-1333-400A-A7F1-1AF31ADBA8BF}.Debug|Any CPU.Build.0 = Debug|Any CPU
		{A6ABAFC2-1333-400A-A7F1-1AF31ADBA8BF}.Release|Any CPU.ActiveCfg = Release|Any CPU
		{A6ABAFC2-1333-400A-A7F1-1AF31ADBA8BF}.Release|Any CPU.Build.0 = Release|Any CPU
	EndGlobalSection
	GlobalSection(SolutionProperties) = preSolution
		HideSolutionNode = FALSE
	EndGlobalSection
EndGlobal
