
Microsoft Visual Studio Solution File, Format Version 12.00
# Visual Studio Version 17
VisualStudioVersion = 17.12.35521.163 d17.12
MinimumVisualStudioVersion = 10.0.40219.1
Project("{FAE04EC0-301F-11D3-BF4B-00C04F79EFBC}") = "A40", "A40\A40.csproj", "{A947A3C9-2DEE-4AEA-AD87-002D037E9FF5}"
EndProject
Global
	GlobalSection(SolutionConfigurationPlatforms) = preSolution
		Debug|Any CPU = Debug|Any CPU
		Release|Any CPU = Release|Any CPU
	EndGlobalSection
	GlobalSection(ProjectConfigurationPlatforms) = postSolution
		{A947A3C9-2DEE-4AEA-AD87-002D037E9FF5}.Debug|Any CPU.ActiveCfg = Debug|Any CPU
		{A947A3C9-2DEE-4AEA-AD87-002D037E9FF5}.Debug|Any CPU.Build.0 = Debug|Any CPU
		{A947A3C9-2DEE-4AEA-AD87-002D037E9FF5}.Release|Any CPU.ActiveCfg = Release|Any CPU
		{A947A3C9-2DEE-4AEA-AD87-002D037E9FF5}.Release|Any CPU.Build.0 = Release|Any CPU
	EndGlobalSection
	GlobalSection(SolutionProperties) = preSolution
		HideSolutionNode = FALSE
	EndGlobalSection
EndGlobal
