
Microsoft Visual Studio Solution File, Format Version 12.00
# Visual Studio Version 17
VisualStudioVersion = 17.12.35521.163 d17.12
MinimumVisualStudioVersion = 10.0.40219.1
Project("{FAE04EC0-301F-11D3-BF4B-00C04F79EFBC}") = "A69", "A69\A69.csproj", "{508CAAA1-7907-4251-90C6-CDDB08700446}"
EndProject
Global
	GlobalSection(SolutionConfigurationPlatforms) = preSolution
		Debug|Any CPU = Debug|Any CPU
		Release|Any CPU = Release|Any CPU
	EndGlobalSection
	GlobalSection(ProjectConfigurationPlatforms) = postSolution
		{508CAAA1-7907-4251-90C6-CDDB08700446}.Debug|Any CPU.ActiveCfg = Debug|Any CPU
		{508CAAA1-7907-4251-90C6-CDDB08700446}.Debug|Any CPU.Build.0 = Debug|Any CPU
		{508CAAA1-7907-4251-90C6-CDDB08700446}.Release|Any CPU.ActiveCfg = Release|Any CPU
		{508CAAA1-7907-4251-90C6-CDDB08700446}.Release|Any CPU.Build.0 = Release|Any CPU
	EndGlobalSection
	GlobalSection(SolutionProperties) = preSolution
		HideSolutionNode = FALSE
	EndGlobalSection
EndGlobal
